
Microsoft Visual Studio Solution File, Format Version 12.00
# Visual Studio Version 16
VisualStudioVersion = 16.0.808.0
MinimumVisualStudioVersion = 10.0.40219.1
Project("{F2A71F9B-5D33-465A-A702-920D77279786}") = "fable-plus-trait-tuple", "fable-plus-trait-tuple.fsproj", "{ED903594-AF81-49E9-92D4-4417E6DE64B7}"
EndProject
Global
	GlobalSection(SolutionConfigurationPlatforms) = preSolution
		Fable|Any CPU = Fable|Any CPU
		Debug|Any CPU = Debug|Any CPU
		Release|Any CPU = Release|Any CPU
	EndGlobalSection
	GlobalSection(ProjectConfigurationPlatforms) = postSolution
		{ED903594-AF81-49E9-92D4-4417E6DE64B7}.Fable|Any CPU.ActiveCfg = Fable|Any CPU
		{ED903594-AF81-49E9-92D4-4417E6DE64B7}.Fable|Any CPU.Build.0 = Fable|Any CPU
		{ED903594-AF81-49E9-92D4-4417E6DE64B7}.Debug|Any CPU.ActiveCfg = Debug|Any CPU
		{ED903594-AF81-49E9-92D4-4417E6DE64B7}.Debug|Any CPU.Build.0 = Debug|Any CPU
		{ED903594-AF81-49E9-92D4-4417E6DE64B7}.Release|Any CPU.ActiveCfg = Release|Any CPU
		{ED903594-AF81-49E9-92D4-4417E6DE64B7}.Release|Any CPU.Build.0 = Release|Any CPU
	EndGlobalSection
	GlobalSection(SolutionProperties) = preSolution
		HideSolutionNode = FALSE
	EndGlobalSection
	GlobalSection(ExtensibilityGlobals) = postSolution
		SolutionGuid = {8C97BA79-0451-4273-83D9-29CC8EE3C58D}
	EndGlobalSection
EndGlobal
